// !$*UTF8*$!
{
	archiveVersion = 1;
	classes = {
	};
	objectVersion = 56;
	objects = {

/* Begin PBXBuildFile section */
		DDF2DAB22B04A9050098366F /* AppDelegate.swift in Sources */ = {isa = PBXBuildFile; fileRef = DDF2DAB12B04A9050098366F /* AppDelegate.swift */; };
		DDF2DAB42B04A9050098366F /* SceneDelegate.swift in Sources */ = {isa = PBXBuildFile; fileRef = DDF2DAB32B04A9050098366F /* SceneDelegate.swift */; };
		DDF2DAB62B04A9050098366F /* ViewController.swift in Sources */ = {isa = PBXBuildFile; fileRef = DDF2DAB52B04A9050098366F /* ViewController.swift */; };
		DDF2DAB92B04A9050098366F /* Main.storyboard in Resources */ = {isa = PBXBuildFile; fileRef = DDF2DAB72B04A9050098366F /* Main.storyboard */; };
		DDF2DABB2B04A9070098366F /* Assets.xcassets in Resources */ = {isa = PBXBuildFile; fileRef = DDF2DABA2B04A9070098366F /* Assets.xcassets */; };
		DDF2DABE2B04A9070098366F /* LaunchScreen.storyboard in Resources */ = {isa = PBXBuildFile; fileRef = DDF2DABC2B04A9070098366F /* LaunchScreen.storyboard */; };
		DDF2DAC82B04A96D0098366F /* Configs.swift in Sources */ = {isa = PBXBuildFile; fileRef = DDF2DAC72B04A96D0098366F /* Configs.swift */; };
		DDF2DACA2B04A9750098366F /* Message.swift in Sources */ = {isa = PBXBuildFile; fileRef = DDF2DAC92B04A9750098366F /* Message.swift */; };
		DDF2DACC2B04A9840098366F /* ProgessSpinnerDelegate.swift in Sources */ = {isa = PBXBuildFile; fileRef = DDF2DACB2B04A9840098366F /* ProgessSpinnerDelegate.swift */; };
		DDF2DACE2B04A99D0098366F /* ProgressSpinnerViewController.swift in Sources */ = {isa = PBXBuildFile; fileRef = DDF2DACD2B04A99D0098366F /* ProgressSpinnerViewController.swift */; };
		DDF2DAD22B04AA000098366F /* RegistrationViewController.swift in Sources */ = {isa = PBXBuildFile; fileRef = DDF2DAD12B04AA000098366F /* RegistrationViewController.swift */; };
		DDF2DAD42B04AA0C0098366F /* RegistrationView.swift in Sources */ = {isa = PBXBuildFile; fileRef = DDF2DAD32B04AA0C0098366F /* RegistrationView.swift */; };
		DDF2DAD62B04AA180098366F /* RegistrationFirebaseManager.swift in Sources */ = {isa = PBXBuildFile; fileRef = DDF2DAD52B04AA180098366F /* RegistrationFirebaseManager.swift */; };
		DDF2DAD82B04AA260098366F /* RegistrationProgressIndicatorManager.swift in Sources */ = {isa = PBXBuildFile; fileRef = DDF2DAD72B04AA260098366F /* RegistrationProgressIndicatorManager.swift */; };
		DDF2DADC2B04AAA00098366F /* RightBarButtonManager.swift in Sources */ = {isa = PBXBuildFile; fileRef = DDF2DADB2B04AAA00098366F /* RightBarButtonManager.swift */; };
		DDF2DADE2B04AAAB0098366F /* MessagesTableViewManager.swift in Sources */ = {isa = PBXBuildFile; fileRef = DDF2DADD2B04AAAB0098366F /* MessagesTableViewManager.swift */; };
		DDF2DAE02B04AAB40098366F /* UserMessagesView.swift in Sources */ = {isa = PBXBuildFile; fileRef = DDF2DADF2B04AAB40098366F /* UserMessagesView.swift */; };
		DDF2DAE22B04AACB0098366F /* MessagesTableViewCell.swift in Sources */ = {isa = PBXBuildFile; fileRef = DDF2DAE12B04AACB0098366F /* MessagesTableViewCell.swift */; };
		DDF2DB052B04AD220098366F /* GoogleService-Info.plist in Resources */ = {isa = PBXBuildFile; fileRef = DDF2DB042B04AD220098366F /* GoogleService-Info.plist */; };
		DDF2DB1B2B04AF470098366F /* FirebaseAnalytics in Frameworks */ = {isa = PBXBuildFile; productRef = DDF2DB1A2B04AF470098366F /* FirebaseAnalytics */; };
		DDF2DB1D2B04AF470098366F /* FirebaseAnalyticsOnDeviceConversion in Frameworks */ = {isa = PBXBuildFile; productRef = DDF2DB1C2B04AF470098366F /* FirebaseAnalyticsOnDeviceConversion */; };
		DDF2DB1F2B04AF470098366F /* FirebaseAnalyticsSwift in Frameworks */ = {isa = PBXBuildFile; productRef = DDF2DB1E2B04AF470098366F /* FirebaseAnalyticsSwift */; };
		DDF2DB212B04AF470098366F /* FirebaseAnalyticsWithoutAdIdSupport in Frameworks */ = {isa = PBXBuildFile; productRef = DDF2DB202B04AF470098366F /* FirebaseAnalyticsWithoutAdIdSupport */; };
		DDF2DB232B04AF470098366F /* FirebaseAppCheck in Frameworks */ = {isa = PBXBuildFile; productRef = DDF2DB222B04AF470098366F /* FirebaseAppCheck */; };
		DDF2DB272B04B04B0098366F /* FirebaseAnalytics in Frameworks */ = {isa = PBXBuildFile; productRef = DDF2DB262B04B04B0098366F /* FirebaseAnalytics */; };
		DDF2DB292B04B04B0098366F /* FirebaseAnalyticsOnDeviceConversion in Frameworks */ = {isa = PBXBuildFile; productRef = DDF2DB282B04B04B0098366F /* FirebaseAnalyticsOnDeviceConversion */; };
		DDF2DB2B2B04B04B0098366F /* FirebaseAnalyticsSwift in Frameworks */ = {isa = PBXBuildFile; productRef = DDF2DB2A2B04B04B0098366F /* FirebaseAnalyticsSwift */; };
		DDF2DB2D2B04B04B0098366F /* FirebaseAnalyticsWithoutAdIdSupport in Frameworks */ = {isa = PBXBuildFile; productRef = DDF2DB2C2B04B04B0098366F /* FirebaseAnalyticsWithoutAdIdSupport */; };
		DDF2DB2F2B04B04B0098366F /* FirebaseAppCheck in Frameworks */ = {isa = PBXBuildFile; productRef = DDF2DB2E2B04B04B0098366F /* FirebaseAppCheck */; };
		DDF2DB3D2B04B1B10098366F /* FirebaseAnalytics in Frameworks */ = {isa = PBXBuildFile; productRef = DDF2DB3C2B04B1B10098366F /* FirebaseAnalytics */; };
		DDF2DB3F2B04B1B10098366F /* FirebaseAnalyticsOnDeviceConversion in Frameworks */ = {isa = PBXBuildFile; productRef = DDF2DB3E2B04B1B10098366F /* FirebaseAnalyticsOnDeviceConversion */; };
		DDF2DB412B04B1B10098366F /* FirebaseAnalyticsSwift in Frameworks */ = {isa = PBXBuildFile; productRef = DDF2DB402B04B1B10098366F /* FirebaseAnalyticsSwift */; };
		DDF2DB432B04B1B10098366F /* FirebaseAnalyticsWithoutAdIdSupport in Frameworks */ = {isa = PBXBuildFile; productRef = DDF2DB422B04B1B10098366F /* FirebaseAnalyticsWithoutAdIdSupport */; };
		DDF2DB452B04B1B10098366F /* FirebaseAppCheck in Frameworks */ = {isa = PBXBuildFile; productRef = DDF2DB442B04B1B10098366F /* FirebaseAppCheck */; };
		DDF2DB472B04B1B10098366F /* FirebaseAppDistribution-Beta in Frameworks */ = {isa = PBXBuildFile; productRef = DDF2DB462B04B1B10098366F /* FirebaseAppDistribution-Beta */; };
		DDF2DB492B04B1B10098366F /* FirebaseAuth in Frameworks */ = {isa = PBXBuildFile; productRef = DDF2DB482B04B1B10098366F /* FirebaseAuth */; };
		DDF2DB4B2B04B1B10098366F /* FirebaseAuthCombine-Community in Frameworks */ = {isa = PBXBuildFile; productRef = DDF2DB4A2B04B1B10098366F /* FirebaseAuthCombine-Community */; };
		DDF2DB4D2B04B1B10098366F /* FirebaseCrashlytics in Frameworks */ = {isa = PBXBuildFile; productRef = DDF2DB4C2B04B1B10098366F /* FirebaseCrashlytics */; };
		DDF2DB4F2B04B1B10098366F /* FirebaseDatabase in Frameworks */ = {isa = PBXBuildFile; productRef = DDF2DB4E2B04B1B10098366F /* FirebaseDatabase */; };
		DDF2DB512B04BE5F0098366F /* NewMessageView.swift in Sources */ = {isa = PBXBuildFile; fileRef = DDF2DB502B04BE5F0098366F /* NewMessageView.swift */; };
		DDF2DB532B04BE6C0098366F /* NewMessageViewController.swift in Sources */ = {isa = PBXBuildFile; fileRef = DDF2DB522B04BE6C0098366F /* NewMessageViewController.swift */; };
		DDF2DB552B04C2A70098366F /* ChatTableViewCell.swift in Sources */ = {isa = PBXBuildFile; fileRef = DDF2DB542B04C2A70098366F /* ChatTableViewCell.swift */; };
		DDF2DB592B04CBB60098366F /* User.swift in Sources */ = {isa = PBXBuildFile; fileRef = DDF2DB582B04CBB60098366F /* User.swift */; };
		DDF2DB5C2B04CDBC0098366F /* FirebaseFirestoreSwift in Frameworks */ = {isa = PBXBuildFile; productRef = DDF2DB5B2B04CDBC0098366F /* FirebaseFirestoreSwift */; };
		DDF2DB5E2B04CE3E0098366F /* Chat.swift in Sources */ = {isa = PBXBuildFile; fileRef = DDF2DB5D2B04CE3E0098366F /* Chat.swift */; };
		DDF2DB602B04D2070098366F /* FirebaseFirestore in Frameworks */ = {isa = PBXBuildFile; productRef = DDF2DB5F2B04D2070098366F /* FirebaseFirestore */; };
		DDF2DB622B071BA20098366F /* LoginFirebaseManager.swift in Sources */ = {isa = PBXBuildFile; fileRef = DDF2DB612B071BA10098366F /* LoginFirebaseManager.swift */; };
		DDF2DB642B07832D0098366F /* NewMessageFirebaseManager.swift in Sources */ = {isa = PBXBuildFile; fileRef = DDF2DB632B07832D0098366F /* NewMessageFirebaseManager.swift */; };
/* End PBXBuildFile section */

/* Begin PBXFileReference section */
		DDF2DAAE2B04A9050098366F /* WA8_14.app */ = {isa = PBXFileReference; explicitFileType = wrapper.application; includeInIndex = 0; path = WA8_14.app; sourceTree = BUILT_PRODUCTS_DIR; };
		DDF2DAB12B04A9050098366F /* AppDelegate.swift */ = {isa = PBXFileReference; lastKnownFileType = sourcecode.swift; path = AppDelegate.swift; sourceTree = "<group>"; };
		DDF2DAB32B04A9050098366F /* SceneDelegate.swift */ = {isa = PBXFileReference; lastKnownFileType = sourcecode.swift; path = SceneDelegate.swift; sourceTree = "<group>"; };
		DDF2DAB52B04A9050098366F /* ViewController.swift */ = {isa = PBXFileReference; lastKnownFileType = sourcecode.swift; path = ViewController.swift; sourceTree = "<group>"; };
		DDF2DAB82B04A9050098366F /* Base */ = {isa = PBXFileReference; lastKnownFileType = file.storyboard; name = Base; path = Base.lproj/Main.storyboard; sourceTree = "<group>"; };
		DDF2DABA2B04A9070098366F /* Assets.xcassets */ = {isa = PBXFileReference; lastKnownFileType = folder.assetcatalog; path = Assets.xcassets; sourceTree = "<group>"; };
		DDF2DABD2B04A9070098366F /* Base */ = {isa = PBXFileReference; lastKnownFileType = file.storyboard; name = Base; path = Base.lproj/LaunchScreen.storyboard; sourceTree = "<group>"; };
		DDF2DABF2B04A9070098366F /* Info.plist */ = {isa = PBXFileReference; lastKnownFileType = text.plist.xml; path = Info.plist; sourceTree = "<group>"; };
		DDF2DAC72B04A96D0098366F /* Configs.swift */ = {isa = PBXFileReference; lastKnownFileType = sourcecode.swift; path = Configs.swift; sourceTree = "<group>"; };
		DDF2DAC92B04A9750098366F /* Message.swift */ = {isa = PBXFileReference; lastKnownFileType = sourcecode.swift; path = Message.swift; sourceTree = "<group>"; };
		DDF2DACB2B04A9840098366F /* ProgessSpinnerDelegate.swift */ = {isa = PBXFileReference; lastKnownFileType = sourcecode.swift; path = ProgessSpinnerDelegate.swift; sourceTree = "<group>"; };
		DDF2DACD2B04A99D0098366F /* ProgressSpinnerViewController.swift */ = {isa = PBXFileReference; lastKnownFileType = sourcecode.swift; path = ProgressSpinnerViewController.swift; sourceTree = "<group>"; };
		DDF2DAD12B04AA000098366F /* RegistrationViewController.swift */ = {isa = PBXFileReference; lastKnownFileType = sourcecode.swift; path = RegistrationViewController.swift; sourceTree = "<group>"; };
		DDF2DAD32B04AA0C0098366F /* RegistrationView.swift */ = {isa = PBXFileReference; lastKnownFileType = sourcecode.swift; path = RegistrationView.swift; sourceTree = "<group>"; };
		DDF2DAD52B04AA180098366F /* RegistrationFirebaseManager.swift */ = {isa = PBXFileReference; lastKnownFileType = sourcecode.swift; path = RegistrationFirebaseManager.swift; sourceTree = "<group>"; };
		DDF2DAD72B04AA260098366F /* RegistrationProgressIndicatorManager.swift */ = {isa = PBXFileReference; lastKnownFileType = sourcecode.swift; path = RegistrationProgressIndicatorManager.swift; sourceTree = "<group>"; };
		DDF2DADB2B04AAA00098366F /* RightBarButtonManager.swift */ = {isa = PBXFileReference; lastKnownFileType = sourcecode.swift; path = RightBarButtonManager.swift; sourceTree = "<group>"; };
		DDF2DADD2B04AAAB0098366F /* MessagesTableViewManager.swift */ = {isa = PBXFileReference; lastKnownFileType = sourcecode.swift; path = MessagesTableViewManager.swift; sourceTree = "<group>"; };
		DDF2DADF2B04AAB40098366F /* UserMessagesView.swift */ = {isa = PBXFileReference; lastKnownFileType = sourcecode.swift; path = UserMessagesView.swift; sourceTree = "<group>"; };
		DDF2DAE12B04AACB0098366F /* MessagesTableViewCell.swift */ = {isa = PBXFileReference; lastKnownFileType = sourcecode.swift; path = MessagesTableViewCell.swift; sourceTree = "<group>"; };
		DDF2DB042B04AD220098366F /* GoogleService-Info.plist */ = {isa = PBXFileReference; fileEncoding = 4; lastKnownFileType = text.plist.xml; name = "GoogleService-Info.plist"; path = "../../../../../../../../Downloads/GoogleService-Info.plist"; sourceTree = "<group>"; };
		DDF2DB502B04BE5F0098366F /* NewMessageView.swift */ = {isa = PBXFileReference; lastKnownFileType = sourcecode.swift; path = NewMessageView.swift; sourceTree = "<group>"; };
		DDF2DB522B04BE6C0098366F /* NewMessageViewController.swift */ = {isa = PBXFileReference; lastKnownFileType = sourcecode.swift; path = NewMessageViewController.swift; sourceTree = "<group>"; };
		DDF2DB542B04C2A70098366F /* ChatTableViewCell.swift */ = {isa = PBXFileReference; lastKnownFileType = sourcecode.swift; path = ChatTableViewCell.swift; sourceTree = "<group>"; };
		DDF2DB582B04CBB60098366F /* User.swift */ = {isa = PBXFileReference; lastKnownFileType = sourcecode.swift; path = User.swift; sourceTree = "<group>"; };
		DDF2DB5D2B04CE3E0098366F /* Chat.swift */ = {isa = PBXFileReference; lastKnownFileType = sourcecode.swift; path = Chat.swift; sourceTree = "<group>"; };
		DDF2DB612B071BA10098366F /* LoginFirebaseManager.swift */ = {isa = PBXFileReference; lastKnownFileType = sourcecode.swift; path = LoginFirebaseManager.swift; sourceTree = "<group>"; };
		DDF2DB632B07832D0098366F /* NewMessageFirebaseManager.swift */ = {isa = PBXFileReference; lastKnownFileType = sourcecode.swift; path = NewMessageFirebaseManager.swift; sourceTree = "<group>"; };
/* End PBXFileReference section */

/* Begin PBXFrameworksBuildPhase section */
		DDF2DAAB2B04A9050098366F /* Frameworks */ = {
			isa = PBXFrameworksBuildPhase;
			buildActionMask = 2147483647;
			files = (
				DDF2DB2B2B04B04B0098366F /* FirebaseAnalyticsSwift in Frameworks */,
				DDF2DB4B2B04B1B10098366F /* FirebaseAuthCombine-Community in Frameworks */,
				DDF2DB1F2B04AF470098366F /* FirebaseAnalyticsSwift in Frameworks */,
				DDF2DB492B04B1B10098366F /* FirebaseAuth in Frameworks */,
				DDF2DB1D2B04AF470098366F /* FirebaseAnalyticsOnDeviceConversion in Frameworks */,
				DDF2DB1B2B04AF470098366F /* FirebaseAnalytics in Frameworks */,
				DDF2DB2D2B04B04B0098366F /* FirebaseAnalyticsWithoutAdIdSupport in Frameworks */,
				DDF2DB212B04AF470098366F /* FirebaseAnalyticsWithoutAdIdSupport in Frameworks */,
				DDF2DB3D2B04B1B10098366F /* FirebaseAnalytics in Frameworks */,
				DDF2DB602B04D2070098366F /* FirebaseFirestore in Frameworks */,
				DDF2DB472B04B1B10098366F /* FirebaseAppDistribution-Beta in Frameworks */,
				DDF2DB4F2B04B1B10098366F /* FirebaseDatabase in Frameworks */,
				DDF2DB3F2B04B1B10098366F /* FirebaseAnalyticsOnDeviceConversion in Frameworks */,
				DDF2DB272B04B04B0098366F /* FirebaseAnalytics in Frameworks */,
				DDF2DB412B04B1B10098366F /* FirebaseAnalyticsSwift in Frameworks */,
				DDF2DB2F2B04B04B0098366F /* FirebaseAppCheck in Frameworks */,
				DDF2DB4D2B04B1B10098366F /* FirebaseCrashlytics in Frameworks */,
				DDF2DB432B04B1B10098366F /* FirebaseAnalyticsWithoutAdIdSupport in Frameworks */,
				DDF2DB5C2B04CDBC0098366F /* FirebaseFirestoreSwift in Frameworks */,
				DDF2DB292B04B04B0098366F /* FirebaseAnalyticsOnDeviceConversion in Frameworks */,
				DDF2DB452B04B1B10098366F /* FirebaseAppCheck in Frameworks */,
				DDF2DB232B04AF470098366F /* FirebaseAppCheck in Frameworks */,
			);
			runOnlyForDeploymentPostprocessing = 0;
		};
/* End PBXFrameworksBuildPhase section */

/* Begin PBXGroup section */
		DDF2DAA52B04A9050098366F = {
			isa = PBXGroup;
			children = (
				DDF2DAB02B04A9050098366F /* WA8_14 */,
				DDF2DAAF2B04A9050098366F /* Products */,
				DDF2DB5A2B04CDBC0098366F /* Frameworks */,
			);
			sourceTree = "<group>";
		};
		DDF2DAAF2B04A9050098366F /* Products */ = {
			isa = PBXGroup;
			children = (
				DDF2DAAE2B04A9050098366F /* WA8_14.app */,
			);
			name = Products;
			sourceTree = "<group>";
		};
		DDF2DAB02B04A9050098366F /* WA8_14 */ = {
			isa = PBXGroup;
			children = (
				DDF2DAC72B04A96D0098366F /* Configs.swift */,
				DDF2DAD02B04A9AE0098366F /* DataModels */,
				DDF2DACF2B04A9A20098366F /* ProgressIndicator */,
				DDF2DAE42B04AB2E0098366F /* UserMessagesScreen */,
				DDF2DADA2B04AA750098366F /* RegistrationScreen */,
				DDF2DB572B04CAE50098366F /* NewMessageScreen */,
				DDF2DAB12B04A9050098366F /* AppDelegate.swift */,
				DDF2DAB32B04A9050098366F /* SceneDelegate.swift */,
				DDF2DAB72B04A9050098366F /* Main.storyboard */,
				DDF2DABA2B04A9070098366F /* Assets.xcassets */,
				DDF2DABC2B04A9070098366F /* LaunchScreen.storyboard */,
				DDF2DABF2B04A9070098366F /* Info.plist */,
				DDF2DB042B04AD220098366F /* GoogleService-Info.plist */,
			);
			path = WA8_14;
			sourceTree = "<group>";
		};
		DDF2DACF2B04A9A20098366F /* ProgressIndicator */ = {
			isa = PBXGroup;
			children = (
				DDF2DACB2B04A9840098366F /* ProgessSpinnerDelegate.swift */,
				DDF2DACD2B04A99D0098366F /* ProgressSpinnerViewController.swift */,
			);
			path = ProgressIndicator;
			sourceTree = "<group>";
		};
		DDF2DAD02B04A9AE0098366F /* DataModels */ = {
			isa = PBXGroup;
			children = (
				DDF2DAC92B04A9750098366F /* Message.swift */,
				DDF2DB582B04CBB60098366F /* User.swift */,
				DDF2DB5D2B04CE3E0098366F /* Chat.swift */,
			);
			path = DataModels;
			sourceTree = "<group>";
		};
		DDF2DAD92B04AA6C0098366F /* Views */ = {
			isa = PBXGroup;
			children = (
				DDF2DAD32B04AA0C0098366F /* RegistrationView.swift */,
			);
			path = Views;
			sourceTree = "<group>";
		};
		DDF2DADA2B04AA750098366F /* RegistrationScreen */ = {
			isa = PBXGroup;
			children = (
				DDF2DAD92B04AA6C0098366F /* Views */,
				DDF2DAD12B04AA000098366F /* RegistrationViewController.swift */,
				DDF2DAD52B04AA180098366F /* RegistrationFirebaseManager.swift */,
				DDF2DAD72B04AA260098366F /* RegistrationProgressIndicatorManager.swift */,
			);
			path = RegistrationScreen;
			sourceTree = "<group>";
		};
		DDF2DAE32B04AB250098366F /* Views */ = {
			isa = PBXGroup;
			children = (
				DDF2DADF2B04AAB40098366F /* UserMessagesView.swift */,
				DDF2DAE12B04AACB0098366F /* MessagesTableViewCell.swift */,
			);
			path = Views;
			sourceTree = "<group>";
		};
		DDF2DAE42B04AB2E0098366F /* UserMessagesScreen */ = {
			isa = PBXGroup;
			children = (
				DDF2DAE32B04AB250098366F /* Views */,
				DDF2DAB52B04A9050098366F /* ViewController.swift */,
				DDF2DADB2B04AAA00098366F /* RightBarButtonManager.swift */,
				DDF2DADD2B04AAAB0098366F /* MessagesTableViewManager.swift */,
				DDF2DB612B071BA10098366F /* LoginFirebaseManager.swift */,
			);
			path = UserMessagesScreen;
			sourceTree = "<group>";
		};
		DDF2DB562B04CADB0098366F /* Views */ = {
			isa = PBXGroup;
			children = (
				DDF2DB502B04BE5F0098366F /* NewMessageView.swift */,
				DDF2DB542B04C2A70098366F /* ChatTableViewCell.swift */,
			);
			path = Views;
			sourceTree = "<group>";
		};
		DDF2DB572B04CAE50098366F /* NewMessageScreen */ = {
			isa = PBXGroup;
			children = (
				DDF2DB562B04CADB0098366F /* Views */,
				DDF2DB522B04BE6C0098366F /* NewMessageViewController.swift */,
				DDF2DB632B07832D0098366F /* NewMessageFirebaseManager.swift */,
			);
			path = NewMessageScreen;
			sourceTree = "<group>";
		};
		DDF2DB5A2B04CDBC0098366F /* Frameworks */ = {
			isa = PBXGroup;
			children = (
			);
			name = Frameworks;
			sourceTree = "<group>";
		};
/* End PBXGroup section */

/* Begin PBXNativeTarget section */
		DDF2DAAD2B04A9050098366F /* WA8_14 */ = {
			isa = PBXNativeTarget;
			buildConfigurationList = DDF2DAC22B04A9070098366F /* Build configuration list for PBXNativeTarget "WA8_14" */;
			buildPhases = (
				DDF2DAAA2B04A9050098366F /* Sources */,
				DDF2DAAB2B04A9050098366F /* Frameworks */,
				DDF2DAAC2B04A9050098366F /* Resources */,
			);
			buildRules = (
			);
			dependencies = (
			);
			name = WA8_14;
			packageProductDependencies = (
				DDF2DB1A2B04AF470098366F /* FirebaseAnalytics */,
				DDF2DB1C2B04AF470098366F /* FirebaseAnalyticsOnDeviceConversion */,
				DDF2DB1E2B04AF470098366F /* FirebaseAnalyticsSwift */,
				DDF2DB202B04AF470098366F /* FirebaseAnalyticsWithoutAdIdSupport */,
				DDF2DB222B04AF470098366F /* FirebaseAppCheck */,
				DDF2DB262B04B04B0098366F /* FirebaseAnalytics */,
				DDF2DB282B04B04B0098366F /* FirebaseAnalyticsOnDeviceConversion */,
				DDF2DB2A2B04B04B0098366F /* FirebaseAnalyticsSwift */,
				DDF2DB2C2B04B04B0098366F /* FirebaseAnalyticsWithoutAdIdSupport */,
				DDF2DB2E2B04B04B0098366F /* FirebaseAppCheck */,
				DDF2DB3C2B04B1B10098366F /* FirebaseAnalytics */,
				DDF2DB3E2B04B1B10098366F /* FirebaseAnalyticsOnDeviceConversion */,
				DDF2DB402B04B1B10098366F /* FirebaseAnalyticsSwift */,
				DDF2DB422B04B1B10098366F /* FirebaseAnalyticsWithoutAdIdSupport */,
				DDF2DB442B04B1B10098366F /* FirebaseAppCheck */,
				DDF2DB462B04B1B10098366F /* FirebaseAppDistribution-Beta */,
				DDF2DB482B04B1B10098366F /* FirebaseAuth */,
				DDF2DB4A2B04B1B10098366F /* FirebaseAuthCombine-Community */,
				DDF2DB4C2B04B1B10098366F /* FirebaseCrashlytics */,
				DDF2DB4E2B04B1B10098366F /* FirebaseDatabase */,
				DDF2DB5B2B04CDBC0098366F /* FirebaseFirestoreSwift */,
				DDF2DB5F2B04D2070098366F /* FirebaseFirestore */,
			);
			productName = WA8_14;
			productReference = DDF2DAAE2B04A9050098366F /* WA8_14.app */;
			productType = "com.apple.product-type.application";
		};
/* End PBXNativeTarget section */

/* Begin PBXProject section */
		DDF2DAA62B04A9050098366F /* Project object */ = {
			isa = PBXProject;
			attributes = {
				BuildIndependentTargetsInParallel = 1;
				LastSwiftUpdateCheck = 1500;
				LastUpgradeCheck = 1500;
				TargetAttributes = {
					DDF2DAAD2B04A9050098366F = {
						CreatedOnToolsVersion = 15.0.1;
					};
				};
			};
			buildConfigurationList = DDF2DAA92B04A9050098366F /* Build configuration list for PBXProject "WA8_14" */;
			compatibilityVersion = "Xcode 14.0";
			developmentRegion = en;
			hasScannedForEncodings = 0;
			knownRegions = (
				en,
				Base,
			);
			mainGroup = DDF2DAA52B04A9050098366F;
			packageReferences = (
				DDF2DB3B2B04B1B10098366F /* XCRemoteSwiftPackageReference "firebase-ios-sdk" */,
			);
			productRefGroup = DDF2DAAF2B04A9050098366F /* Products */;
			projectDirPath = "";
			projectRoot = "";
			targets = (
				DDF2DAAD2B04A9050098366F /* WA8_14 */,
			);
		};
/* End PBXProject section */

/* Begin PBXResourcesBuildPhase section */
		DDF2DAAC2B04A9050098366F /* Resources */ = {
			isa = PBXResourcesBuildPhase;
			buildActionMask = 2147483647;
			files = (
				DDF2DABE2B04A9070098366F /* LaunchScreen.storyboard in Resources */,
				DDF2DB052B04AD220098366F /* GoogleService-Info.plist in Resources */,
				DDF2DABB2B04A9070098366F /* Assets.xcassets in Resources */,
				DDF2DAB92B04A9050098366F /* Main.storyboard in Resources */,
			);
			runOnlyForDeploymentPostprocessing = 0;
		};
/* End PBXResourcesBuildPhase section */

/* Begin PBXSourcesBuildPhase section */
		DDF2DAAA2B04A9050098366F /* Sources */ = {
			isa = PBXSourcesBuildPhase;
			buildActionMask = 2147483647;
			files = (
				DDF2DADC2B04AAA00098366F /* RightBarButtonManager.swift in Sources */,
				DDF2DADE2B04AAAB0098366F /* MessagesTableViewManager.swift in Sources */,
				DDF2DAB62B04A9050098366F /* ViewController.swift in Sources */,
				DDF2DB552B04C2A70098366F /* ChatTableViewCell.swift in Sources */,
				DDF2DAC82B04A96D0098366F /* Configs.swift in Sources */,
				DDF2DB5E2B04CE3E0098366F /* Chat.swift in Sources */,
				DDF2DAD22B04AA000098366F /* RegistrationViewController.swift in Sources */,
				DDF2DB532B04BE6C0098366F /* NewMessageViewController.swift in Sources */,
				DDF2DAD62B04AA180098366F /* RegistrationFirebaseManager.swift in Sources */,
				DDF2DB642B07832D0098366F /* NewMessageFirebaseManager.swift in Sources */,
				DDF2DAD42B04AA0C0098366F /* RegistrationView.swift in Sources */,
				DDF2DAE22B04AACB0098366F /* MessagesTableViewCell.swift in Sources */,
				DDF2DACC2B04A9840098366F /* ProgessSpinnerDelegate.swift in Sources */,
				DDF2DB512B04BE5F0098366F /* NewMessageView.swift in Sources */,
				DDF2DB622B071BA20098366F /* LoginFirebaseManager.swift in Sources */,
				DDF2DACA2B04A9750098366F /* Message.swift in Sources */,
				DDF2DAD82B04AA260098366F /* RegistrationProgressIndicatorManager.swift in Sources */,
				DDF2DAB22B04A9050098366F /* AppDelegate.swift in Sources */,
				DDF2DACE2B04A99D0098366F /* ProgressSpinnerViewController.swift in Sources */,
				DDF2DAB42B04A9050098366F /* SceneDelegate.swift in Sources */,
				DDF2DAE02B04AAB40098366F /* UserMessagesView.swift in Sources */,
				DDF2DB592B04CBB60098366F /* User.swift in Sources */,
			);
			runOnlyForDeploymentPostprocessing = 0;
		};
/* End PBXSourcesBuildPhase section */

/* Begin PBXVariantGroup section */
		DDF2DAB72B04A9050098366F /* Main.storyboard */ = {
			isa = PBXVariantGroup;
			children = (
				DDF2DAB82B04A9050098366F /* Base */,
			);
			name = Main.storyboard;
			sourceTree = "<group>";
		};
		DDF2DABC2B04A9070098366F /* LaunchScreen.storyboard */ = {
			isa = PBXVariantGroup;
			children = (
				DDF2DABD2B04A9070098366F /* Base */,
			);
			name = LaunchScreen.storyboard;
			sourceTree = "<group>";
		};
/* End PBXVariantGroup section */

/* Begin XCBuildConfiguration section */
		DDF2DAC02B04A9070098366F /* Debug */ = {
			isa = XCBuildConfiguration;
			buildSettings = {
				ALWAYS_SEARCH_USER_PATHS = NO;
				ASSETCATALOG_COMPILER_GENERATE_SWIFT_ASSET_SYMBOL_EXTENSIONS = YES;
				CLANG_ANALYZER_NONNULL = YES;
				CLANG_ANALYZER_NUMBER_OBJECT_CONVERSION = YES_AGGRESSIVE;
				CLANG_CXX_LANGUAGE_STANDARD = "gnu++20";
				CLANG_ENABLE_MODULES = YES;
				CLANG_ENABLE_OBJC_ARC = YES;
				CLANG_ENABLE_OBJC_WEAK = YES;
				CLANG_WARN_BLOCK_CAPTURE_AUTORELEASING = YES;
				CLANG_WARN_BOOL_CONVERSION = YES;
				CLANG_WARN_COMMA = YES;
				CLANG_WARN_CONSTANT_CONVERSION = YES;
				CLANG_WARN_DEPRECATED_OBJC_IMPLEMENTATIONS = YES;
				CLANG_WARN_DIRECT_OBJC_ISA_USAGE = YES_ERROR;
				CLANG_WARN_DOCUMENTATION_COMMENTS = YES;
				CLANG_WARN_EMPTY_BODY = YES;
				CLANG_WARN_ENUM_CONVERSION = YES;
				CLANG_WARN_INFINITE_RECURSION = YES;
				CLANG_WARN_INT_CONVERSION = YES;
				CLANG_WARN_NON_LITERAL_NULL_CONVERSION = YES;
				CLANG_WARN_OBJC_IMPLICIT_RETAIN_SELF = YES;
				CLANG_WARN_OBJC_LITERAL_CONVERSION = YES;
				CLANG_WARN_OBJC_ROOT_CLASS = YES_ERROR;
				CLANG_WARN_QUOTED_INCLUDE_IN_FRAMEWORK_HEADER = YES;
				CLANG_WARN_RANGE_LOOP_ANALYSIS = YES;
				CLANG_WARN_STRICT_PROTOTYPES = YES;
				CLANG_WARN_SUSPICIOUS_MOVE = YES;
				CLANG_WARN_UNGUARDED_AVAILABILITY = YES_AGGRESSIVE;
				CLANG_WARN_UNREACHABLE_CODE = YES;
				CLANG_WARN__DUPLICATE_METHOD_MATCH = YES;
				COPY_PHASE_STRIP = NO;
				DEBUG_INFORMATION_FORMAT = dwarf;
				ENABLE_STRICT_OBJC_MSGSEND = YES;
				ENABLE_TESTABILITY = YES;
				ENABLE_USER_SCRIPT_SANDBOXING = YES;
				GCC_C_LANGUAGE_STANDARD = gnu17;
				GCC_DYNAMIC_NO_PIC = NO;
				GCC_NO_COMMON_BLOCKS = YES;
				GCC_OPTIMIZATION_LEVEL = 0;
				GCC_PREPROCESSOR_DEFINITIONS = (
					"DEBUG=1",
					"$(inherited)",
				);
				GCC_WARN_64_TO_32_BIT_CONVERSION = YES;
				GCC_WARN_ABOUT_RETURN_TYPE = YES_ERROR;
				GCC_WARN_UNDECLARED_SELECTOR = YES;
				GCC_WARN_UNINITIALIZED_AUTOS = YES_AGGRESSIVE;
				GCC_WARN_UNUSED_FUNCTION = YES;
				GCC_WARN_UNUSED_VARIABLE = YES;
				IPHONEOS_DEPLOYMENT_TARGET = 17.0;
				LOCALIZATION_PREFERS_STRING_CATALOGS = YES;
				MTL_ENABLE_DEBUG_INFO = INCLUDE_SOURCE;
				MTL_FAST_MATH = YES;
				ONLY_ACTIVE_ARCH = YES;
				SDKROOT = iphoneos;
				SWIFT_ACTIVE_COMPILATION_CONDITIONS = "DEBUG $(inherited)";
				SWIFT_OPTIMIZATION_LEVEL = "-Onone";
			};
			name = Debug;
		};
		DDF2DAC12B04A9070098366F /* Release */ = {
			isa = XCBuildConfiguration;
			buildSettings = {
				ALWAYS_SEARCH_USER_PATHS = NO;
				ASSETCATALOG_COMPILER_GENERATE_SWIFT_ASSET_SYMBOL_EXTENSIONS = YES;
				CLANG_ANALYZER_NONNULL = YES;
				CLANG_ANALYZER_NUMBER_OBJECT_CONVERSION = YES_AGGRESSIVE;
				CLANG_CXX_LANGUAGE_STANDARD = "gnu++20";
				CLANG_ENABLE_MODULES = YES;
				CLANG_ENABLE_OBJC_ARC = YES;
				CLANG_ENABLE_OBJC_WEAK = YES;
				CLANG_WARN_BLOCK_CAPTURE_AUTORELEASING = YES;
				CLANG_WARN_BOOL_CONVERSION = YES;
				CLANG_WARN_COMMA = YES;
				CLANG_WARN_CONSTANT_CONVERSION = YES;
				CLANG_WARN_DEPRECATED_OBJC_IMPLEMENTATIONS = YES;
				CLANG_WARN_DIRECT_OBJC_ISA_USAGE = YES_ERROR;
				CLANG_WARN_DOCUMENTATION_COMMENTS = YES;
				CLANG_WARN_EMPTY_BODY = YES;
				CLANG_WARN_ENUM_CONVERSION = YES;
				CLANG_WARN_INFINITE_RECURSION = YES;
				CLANG_WARN_INT_CONVERSION = YES;
				CLANG_WARN_NON_LITERAL_NULL_CONVERSION = YES;
				CLANG_WARN_OBJC_IMPLICIT_RETAIN_SELF = YES;
				CLANG_WARN_OBJC_LITERAL_CONVERSION = YES;
				CLANG_WARN_OBJC_ROOT_CLASS = YES_ERROR;
				CLANG_WARN_QUOTED_INCLUDE_IN_FRAMEWORK_HEADER = YES;
				CLANG_WARN_RANGE_LOOP_ANALYSIS = YES;
				CLANG_WARN_STRICT_PROTOTYPES = YES;
				CLANG_WARN_SUSPICIOUS_MOVE = YES;
				CLANG_WARN_UNGUARDED_AVAILABILITY = YES_AGGRESSIVE;
				CLANG_WARN_UNREACHABLE_CODE = YES;
				CLANG_WARN__DUPLICATE_METHOD_MATCH = YES;
				COPY_PHASE_STRIP = NO;
				DEBUG_INFORMATION_FORMAT = "dwarf-with-dsym";
				ENABLE_NS_ASSERTIONS = NO;
				ENABLE_STRICT_OBJC_MSGSEND = YES;
				ENABLE_USER_SCRIPT_SANDBOXING = YES;
				GCC_C_LANGUAGE_STANDARD = gnu17;
				GCC_NO_COMMON_BLOCKS = YES;
				GCC_WARN_64_TO_32_BIT_CONVERSION = YES;
				GCC_WARN_ABOUT_RETURN_TYPE = YES_ERROR;
				GCC_WARN_UNDECLARED_SELECTOR = YES;
				GCC_WARN_UNINITIALIZED_AUTOS = YES_AGGRESSIVE;
				GCC_WARN_UNUSED_FUNCTION = YES;
				GCC_WARN_UNUSED_VARIABLE = YES;
				IPHONEOS_DEPLOYMENT_TARGET = 17.0;
				LOCALIZATION_PREFERS_STRING_CATALOGS = YES;
				MTL_ENABLE_DEBUG_INFO = NO;
				MTL_FAST_MATH = YES;
				SDKROOT = iphoneos;
				SWIFT_COMPILATION_MODE = wholemodule;
				VALIDATE_PRODUCT = YES;
			};
			name = Release;
		};
		DDF2DAC32B04A9070098366F /* Debug */ = {
			isa = XCBuildConfiguration;
			buildSettings = {
				ASSETCATALOG_COMPILER_APPICON_NAME = AppIcon;
				ASSETCATALOG_COMPILER_GLOBAL_ACCENT_COLOR_NAME = AccentColor;
				CODE_SIGN_STYLE = Automatic;
				CURRENT_PROJECT_VERSION = 1;
				DEVELOPMENT_TEAM = QGS9TDF9XV;
				GENERATE_INFOPLIST_FILE = YES;
				INFOPLIST_FILE = WA8_14/Info.plist;
				INFOPLIST_KEY_UIApplicationSupportsIndirectInputEvents = YES;
				INFOPLIST_KEY_UILaunchStoryboardName = LaunchScreen;
				INFOPLIST_KEY_UIMainStoryboardFile = Main;
				INFOPLIST_KEY_UISupportedInterfaceOrientations_iPad = "UIInterfaceOrientationPortrait UIInterfaceOrientationPortraitUpsideDown UIInterfaceOrientationLandscapeLeft UIInterfaceOrientationLandscapeRight";
				INFOPLIST_KEY_UISupportedInterfaceOrientations_iPhone = "UIInterfaceOrientationPortrait UIInterfaceOrientationLandscapeLeft UIInterfaceOrientationLandscapeRight";
				LD_RUNPATH_SEARCH_PATHS = (
					"$(inherited)",
					"@executable_path/Frameworks",
				);
				MARKETING_VERSION = 1.0;
				PRODUCT_BUNDLE_IDENTIFIER = "com.nuios.WA8-14";
				PRODUCT_NAME = "$(TARGET_NAME)";
				SWIFT_EMIT_LOC_STRINGS = YES;
				SWIFT_VERSION = 5.0;
				TARGETED_DEVICE_FAMILY = "1,2";
			};
			name = Debug;
		};
		DDF2DAC42B04A9070098366F /* Release */ = {
			isa = XCBuildConfiguration;
			buildSettings = {
				ASSETCATALOG_COMPILER_APPICON_NAME = AppIcon;
				ASSETCATALOG_COMPILER_GLOBAL_ACCENT_COLOR_NAME = AccentColor;
				CODE_SIGN_STYLE = Automatic;
				CURRENT_PROJECT_VERSION = 1;
				DEVELOPMENT_TEAM = QGS9TDF9XV;
				GENERATE_INFOPLIST_FILE = YES;
				INFOPLIST_FILE = WA8_14/Info.plist;
				INFOPLIST_KEY_UIApplicationSupportsIndirectInputEvents = YES;
				INFOPLIST_KEY_UILaunchStoryboardName = LaunchScreen;
				INFOPLIST_KEY_UIMainStoryboardFile = Main;
				INFOPLIST_KEY_UISupportedInterfaceOrientations_iPad = "UIInterfaceOrientationPortrait UIInterfaceOrientationPortraitUpsideDown UIInterfaceOrientationLandscapeLeft UIInterfaceOrientationLandscapeRight";
				INFOPLIST_KEY_UISupportedInterfaceOrientations_iPhone = "UIInterfaceOrientationPortrait UIInterfaceOrientationLandscapeLeft UIInterfaceOrientationLandscapeRight";
				LD_RUNPATH_SEARCH_PATHS = (
					"$(inherited)",
					"@executable_path/Frameworks",
				);
				MARKETING_VERSION = 1.0;
				PRODUCT_BUNDLE_IDENTIFIER = "com.nuios.WA8-14";
				PRODUCT_NAME = "$(TARGET_NAME)";
				SWIFT_EMIT_LOC_STRINGS = YES;
				SWIFT_VERSION = 5.0;
				TARGETED_DEVICE_FAMILY = "1,2";
			};
			name = Release;
		};
/* End XCBuildConfiguration section */

/* Begin XCConfigurationList section */
		DDF2DAA92B04A9050098366F /* Build configuration list for PBXProject "WA8_14" */ = {
			isa = XCConfigurationList;
			buildConfigurations = (
				DDF2DAC02B04A9070098366F /* Debug */,
				DDF2DAC12B04A9070098366F /* Release */,
			);
			defaultConfigurationIsVisible = 0;
			defaultConfigurationName = Release;
		};
		DDF2DAC22B04A9070098366F /* Build configuration list for PBXNativeTarget "WA8_14" */ = {
			isa = XCConfigurationList;
			buildConfigurations = (
				DDF2DAC32B04A9070098366F /* Debug */,
				DDF2DAC42B04A9070098366F /* Release */,
			);
			defaultConfigurationIsVisible = 0;
			defaultConfigurationName = Release;
		};
/* End XCConfigurationList section */

/* Begin XCRemoteSwiftPackageReference section */
		DDF2DB3B2B04B1B10098366F /* XCRemoteSwiftPackageReference "firebase-ios-sdk" */ = {
			isa = XCRemoteSwiftPackageReference;
			repositoryURL = "https://github.com/firebase/firebase-ios-sdk.git";
			requirement = {
				kind = upToNextMajorVersion;
				minimumVersion = 10.18.0;
			};
		};
/* End XCRemoteSwiftPackageReference section */

/* Begin XCSwiftPackageProductDependency section */
		DDF2DB1A2B04AF470098366F /* FirebaseAnalytics */ = {
			isa = XCSwiftPackageProductDependency;
			productName = FirebaseAnalytics;
		};
		DDF2DB1C2B04AF470098366F /* FirebaseAnalyticsOnDeviceConversion */ = {
			isa = XCSwiftPackageProductDependency;
			productName = FirebaseAnalyticsOnDeviceConversion;
		};
		DDF2DB1E2B04AF470098366F /* FirebaseAnalyticsSwift */ = {
			isa = XCSwiftPackageProductDependency;
			productName = FirebaseAnalyticsSwift;
		};
		DDF2DB202B04AF470098366F /* FirebaseAnalyticsWithoutAdIdSupport */ = {
			isa = XCSwiftPackageProductDependency;
			productName = FirebaseAnalyticsWithoutAdIdSupport;
		};
		DDF2DB222B04AF470098366F /* FirebaseAppCheck */ = {
			isa = XCSwiftPackageProductDependency;
			productName = FirebaseAppCheck;
		};
		DDF2DB262B04B04B0098366F /* FirebaseAnalytics */ = {
			isa = XCSwiftPackageProductDependency;
			productName = FirebaseAnalytics;
		};
		DDF2DB282B04B04B0098366F /* FirebaseAnalyticsOnDeviceConversion */ = {
			isa = XCSwiftPackageProductDependency;
			productName = FirebaseAnalyticsOnDeviceConversion;
		};
		DDF2DB2A2B04B04B0098366F /* FirebaseAnalyticsSwift */ = {
			isa = XCSwiftPackageProductDependency;
			productName = FirebaseAnalyticsSwift;
		};
		DDF2DB2C2B04B04B0098366F /* FirebaseAnalyticsWithoutAdIdSupport */ = {
			isa = XCSwiftPackageProductDependency;
			productName = FirebaseAnalyticsWithoutAdIdSupport;
		};
		DDF2DB2E2B04B04B0098366F /* FirebaseAppCheck */ = {
			isa = XCSwiftPackageProductDependency;
			productName = FirebaseAppCheck;
		};
		DDF2DB3C2B04B1B10098366F /* FirebaseAnalytics */ = {
			isa = XCSwiftPackageProductDependency;
			package = DDF2DB3B2B04B1B10098366F /* XCRemoteSwiftPackageReference "firebase-ios-sdk" */;
			productName = FirebaseAnalytics;
		};
		DDF2DB3E2B04B1B10098366F /* FirebaseAnalyticsOnDeviceConversion */ = {
			isa = XCSwiftPackageProductDependency;
			package = DDF2DB3B2B04B1B10098366F /* XCRemoteSwiftPackageReference "firebase-ios-sdk" */;
			productName = FirebaseAnalyticsOnDeviceConversion;
		};
		DDF2DB402B04B1B10098366F /* FirebaseAnalyticsSwift */ = {
			isa = XCSwiftPackageProductDependency;
			package = DDF2DB3B2B04B1B10098366F /* XCRemoteSwiftPackageReference "firebase-ios-sdk" */;
			productName = FirebaseAnalyticsSwift;
		};
		DDF2DB422B04B1B10098366F /* FirebaseAnalyticsWithoutAdIdSupport */ = {
			isa = XCSwiftPackageProductDependency;
			package = DDF2DB3B2B04B1B10098366F /* XCRemoteSwiftPackageReference "firebase-ios-sdk" */;
			productName = FirebaseAnalyticsWithoutAdIdSupport;
		};
		DDF2DB442B04B1B10098366F /* FirebaseAppCheck */ = {
			isa = XCSwiftPackageProductDependency;
			package = DDF2DB3B2B04B1B10098366F /* XCRemoteSwiftPackageReference "firebase-ios-sdk" */;
			productName = FirebaseAppCheck;
		};
		DDF2DB462B04B1B10098366F /* FirebaseAppDistribution-Beta */ = {
			isa = XCSwiftPackageProductDependency;
			package = DDF2DB3B2B04B1B10098366F /* XCRemoteSwiftPackageReference "firebase-ios-sdk" */;
			productName = "FirebaseAppDistribution-Beta";
		};
		DDF2DB482B04B1B10098366F /* FirebaseAuth */ = {
			isa = XCSwiftPackageProductDependency;
			package = DDF2DB3B2B04B1B10098366F /* XCRemoteSwiftPackageReference "firebase-ios-sdk" */;
			productName = FirebaseAuth;
		};
		DDF2DB4A2B04B1B10098366F /* FirebaseAuthCombine-Community */ = {
			isa = XCSwiftPackageProductDependency;
			package = DDF2DB3B2B04B1B10098366F /* XCRemoteSwiftPackageReference "firebase-ios-sdk" */;
			productName = "FirebaseAuthCombine-Community";
		};
		DDF2DB4C2B04B1B10098366F /* FirebaseCrashlytics */ = {
			isa = XCSwiftPackageProductDependency;
			package = DDF2DB3B2B04B1B10098366F /* XCRemoteSwiftPackageReference "firebase-ios-sdk" */;
			productName = FirebaseCrashlytics;
		};
		DDF2DB4E2B04B1B10098366F /* FirebaseDatabase */ = {
			isa = XCSwiftPackageProductDependency;
			package = DDF2DB3B2B04B1B10098366F /* XCRemoteSwiftPackageReference "firebase-ios-sdk" */;
			productName = FirebaseDatabase;
		};
		DDF2DB5B2B04CDBC0098366F /* FirebaseFirestoreSwift */ = {
			isa = XCSwiftPackageProductDependency;
			package = DDF2DB3B2B04B1B10098366F /* XCRemoteSwiftPackageReference "firebase-ios-sdk" */;
			productName = FirebaseFirestoreSwift;
		};
		DDF2DB5F2B04D2070098366F /* FirebaseFirestore */ = {
			isa = XCSwiftPackageProductDependency;
			package = DDF2DB3B2B04B1B10098366F /* XCRemoteSwiftPackageReference "firebase-ios-sdk" */;
			productName = FirebaseFirestore;
		};
/* End XCSwiftPackageProductDependency section */
	};
	rootObject = DDF2DAA62B04A9050098366F /* Project object */;
}
